// !$*UTF8*$!
{
	archiveVersion = 1;
	classes = {
	};
	objectVersion = 51;
	objects = {

/* Begin PBXBuildFile section */
		033A77E5659D7E80D87691C1 /* Pods_clean_architecture.framework in Frameworks */ = {isa = PBXBuildFile; fileRef = 709B4B9CEC8060D956D4C058 /* Pods_clean_architecture.framework */; };
		6F0689882773A4BC00C13542 /* SecondViewController.swift in Sources */ = {isa = PBXBuildFile; fileRef = 6F0689872773A4BC00C13542 /* SecondViewController.swift */; };
		6F06898E2773A4D600C13542 /* SecondViewModel.swift in Sources */ = {isa = PBXBuildFile; fileRef = 6F06898D2773A4D600C13542 /* SecondViewModel.swift */; };
		6F0689992773A4F000C13542 /* SecondRouter.swift in Sources */ = {isa = PBXBuildFile; fileRef = 6F0689982773A4F000C13542 /* SecondRouter.swift */; };
		6F06899E2773A59C00C13542 /* SecondDI.swift in Sources */ = {isa = PBXBuildFile; fileRef = 6F06899D2773A59C00C13542 /* SecondDI.swift */; };
		6F0689A92773A94400C13542 /* FooUi.swift in Sources */ = {isa = PBXBuildFile; fileRef = 6F0689A82773A94400C13542 /* FooUi.swift */; };
		6F0689AE2773A97400C13542 /* Foo+Mapper.swift in Sources */ = {isa = PBXBuildFile; fileRef = 6F0689AD2773A97400C13542 /* Foo+Mapper.swift */; };
		6F80AE8627733CD000DD1D24 /* FooEntity.swift in Sources */ = {isa = PBXBuildFile; fileRef = 6F80AE8527733CD000DD1D24 /* FooEntity.swift */; };
		6F80AE8B2773759400DD1D24 /* NetworkRepositoryProtocol.swift in Sources */ = {isa = PBXBuildFile; fileRef = 6F80AE8A2773759400DD1D24 /* NetworkRepositoryProtocol.swift */; };
		6F80AE952773776C00DD1D24 /* NetworkRepository.swift in Sources */ = {isa = PBXBuildFile; fileRef = 6F80AE942773776C00DD1D24 /* NetworkRepository.swift */; };
		6F80AE9A2773779800DD1D24 /* GetSomeData.swift in Sources */ = {isa = PBXBuildFile; fileRef = 6F80AE992773779800DD1D24 /* GetSomeData.swift */; };
		6F80AE9F277377AF00DD1D24 /* SendSomeData.swift in Sources */ = {isa = PBXBuildFile; fileRef = 6F80AE9E277377AF00DD1D24 /* SendSomeData.swift */; };
		6F80AEAA2773793900DD1D24 /* FooDTO.swift in Sources */ = {isa = PBXBuildFile; fileRef = 6F80AEA92773793900DD1D24 /* FooDTO.swift */; };
		6F80AEAF2773797400DD1D24 /* FooDTO+Mapper.swift in Sources */ = {isa = PBXBuildFile; fileRef = 6F80AEAE2773797400DD1D24 /* FooDTO+Mapper.swift */; };
		6F80AEB42773835D00DD1D24 /* Cancellable.swift in Sources */ = {isa = PBXBuildFile; fileRef = 6F80AEB32773835D00DD1D24 /* Cancellable.swift */; };
		6F80AECD27738FDC00DD1D24 /* Localizable.strings in Resources */ = {isa = PBXBuildFile; fileRef = 6F80AECF27738FDC00DD1D24 /* Localizable.strings */; };
		6F80AED5277390D000DD1D24 /* String+Extensions.swift in Sources */ = {isa = PBXBuildFile; fileRef = 6F80AED4277390D000DD1D24 /* String+Extensions.swift */; };
		6F8A96832772297B002D77E2 /* AppDelegate.swift in Sources */ = {isa = PBXBuildFile; fileRef = 6F8A96822772297B002D77E2 /* AppDelegate.swift */; };
		6F8A96852772297B002D77E2 /* SceneDelegate.swift in Sources */ = {isa = PBXBuildFile; fileRef = 6F8A96842772297B002D77E2 /* SceneDelegate.swift */; };
		6F8A968A2772297B002D77E2 /* Main.storyboard in Resources */ = {isa = PBXBuildFile; fileRef = 6F8A96882772297B002D77E2 /* Main.storyboard */; };
		6F8A968C2772297C002D77E2 /* Assets.xcassets in Resources */ = {isa = PBXBuildFile; fileRef = 6F8A968B2772297C002D77E2 /* Assets.xcassets */; };
		6F8A968F2772297C002D77E2 /* LaunchScreen.storyboard in Resources */ = {isa = PBXBuildFile; fileRef = 6F8A968D2772297C002D77E2 /* LaunchScreen.storyboard */; };
		6F8A969A2772297D002D77E2 /* clean_architectureTests.swift in Sources */ = {isa = PBXBuildFile; fileRef = 6F8A96992772297D002D77E2 /* clean_architectureTests.swift */; };
		6F8A96A52772297D002D77E2 /* clean_architectureUITests.swift in Sources */ = {isa = PBXBuildFile; fileRef = 6F8A96A42772297D002D77E2 /* clean_architectureUITests.swift */; };
		6F8A96C42772304B002D77E2 /* DependencyInjector.swift in Sources */ = {isa = PBXBuildFile; fileRef = 6F8A96C32772304B002D77E2 /* DependencyInjector.swift */; };
		6F8A96D1277230D9002D77E2 /* WelcomeViewController.swift in Sources */ = {isa = PBXBuildFile; fileRef = 6F8A96D0277230D9002D77E2 /* WelcomeViewController.swift */; };
		6F8A96D6277230F7002D77E2 /* WelcomeViewModel.swift in Sources */ = {isa = PBXBuildFile; fileRef = 6F8A96D5277230F7002D77E2 /* WelcomeViewModel.swift */; };
		6F8A96DC27723177002D77E2 /* BaseViewModel.swift in Sources */ = {isa = PBXBuildFile; fileRef = 6F8A96DB27723177002D77E2 /* BaseViewModel.swift */; };
		6F8A96E2277231D8002D77E2 /* AnalyticsProtocol.swift in Sources */ = {isa = PBXBuildFile; fileRef = 6F8A96E1277231D8002D77E2 /* AnalyticsProtocol.swift */; };
		6F8A96EA277231F8002D77E2 /* AnalyticsConstants.swift in Sources */ = {isa = PBXBuildFile; fileRef = 6F8A96E9277231F8002D77E2 /* AnalyticsConstants.swift */; };
		6F8A96F5277232E9002D77E2 /* BaseViewController.swift in Sources */ = {isa = PBXBuildFile; fileRef = 6F8A96F4277232E9002D77E2 /* BaseViewController.swift */; };
		6F8A9704277233D3002D77E2 /* BaseUseCase.swift in Sources */ = {isa = PBXBuildFile; fileRef = 6F8A9703277233D3002D77E2 /* BaseUseCase.swift */; };
		6F8A9709277233EA002D77E2 /* FooUseCase.swift in Sources */ = {isa = PBXBuildFile; fileRef = 6F8A9708277233EA002D77E2 /* FooUseCase.swift */; };
		6F8A971127723763002D77E2 /* WelcomeRouter.swift in Sources */ = {isa = PBXBuildFile; fileRef = 6F8A971027723763002D77E2 /* WelcomeRouter.swift */; };
		6F8A972427723AC5002D77E2 /* WelcomeDI.swift in Sources */ = {isa = PBXBuildFile; fileRef = 6F8A972327723AC5002D77E2 /* WelcomeDI.swift */; };
		6F8A972927723B9A002D77E2 /* DefaultAnalytics.swift in Sources */ = {isa = PBXBuildFile; fileRef = 6F8A972827723B9A002D77E2 /* DefaultAnalytics.swift */; };
		6FA36FDE2774CC9E00757DB6 /* Array+Extension.swift in Sources */ = {isa = PBXBuildFile; fileRef = 6FA36FDD2774CC9E00757DB6 /* Array+Extension.swift */; };
/* End PBXBuildFile section */

/* Begin PBXContainerItemProxy section */
		6F8A96962772297D002D77E2 /* PBXContainerItemProxy */ = {
			isa = PBXContainerItemProxy;
			containerPortal = 6F8A96772772297B002D77E2 /* Project object */;
			proxyType = 1;
			remoteGlobalIDString = 6F8A967E2772297B002D77E2;
			remoteInfo = "clean-architecture";
		};
		6F8A96A12772297D002D77E2 /* PBXContainerItemProxy */ = {
			isa = PBXContainerItemProxy;
			containerPortal = 6F8A96772772297B002D77E2 /* Project object */;
			proxyType = 1;
			remoteGlobalIDString = 6F8A967E2772297B002D77E2;
			remoteInfo = "clean-architecture";
		};
/* End PBXContainerItemProxy section */

/* Begin PBXFileReference section */
		008679A017D4ADB0BF1B2859 /* Pods-clean-architecture.debug.xcconfig */ = {isa = PBXFileReference; includeInIndex = 1; lastKnownFileType = text.xcconfig; name = "Pods-clean-architecture.debug.xcconfig"; path = "Target Support Files/Pods-clean-architecture/Pods-clean-architecture.debug.xcconfig"; sourceTree = "<group>"; };
		6F0689872773A4BC00C13542 /* SecondViewController.swift */ = {isa = PBXFileReference; lastKnownFileType = sourcecode.swift; path = SecondViewController.swift; sourceTree = "<group>"; };
		6F06898D2773A4D600C13542 /* SecondViewModel.swift */ = {isa = PBXFileReference; lastKnownFileType = sourcecode.swift; path = SecondViewModel.swift; sourceTree = "<group>"; };
		6F0689982773A4F000C13542 /* SecondRouter.swift */ = {isa = PBXFileReference; lastKnownFileType = sourcecode.swift; path = SecondRouter.swift; sourceTree = "<group>"; };
		6F06899D2773A59C00C13542 /* SecondDI.swift */ = {isa = PBXFileReference; lastKnownFileType = sourcecode.swift; path = SecondDI.swift; sourceTree = "<group>"; };
		6F0689A82773A94400C13542 /* FooUi.swift */ = {isa = PBXFileReference; lastKnownFileType = sourcecode.swift; path = FooUi.swift; sourceTree = "<group>"; };
		6F0689AD2773A97400C13542 /* Foo+Mapper.swift */ = {isa = PBXFileReference; lastKnownFileType = sourcecode.swift; path = "Foo+Mapper.swift"; sourceTree = "<group>"; };
		6F80AE8527733CD000DD1D24 /* FooEntity.swift */ = {isa = PBXFileReference; lastKnownFileType = sourcecode.swift; path = FooEntity.swift; sourceTree = "<group>"; };
		6F80AE8A2773759400DD1D24 /* NetworkRepositoryProtocol.swift */ = {isa = PBXFileReference; lastKnownFileType = sourcecode.swift; path = NetworkRepositoryProtocol.swift; sourceTree = "<group>"; };
		6F80AE942773776C00DD1D24 /* NetworkRepository.swift */ = {isa = PBXFileReference; lastKnownFileType = sourcecode.swift; path = NetworkRepository.swift; sourceTree = "<group>"; };
		6F80AE992773779800DD1D24 /* GetSomeData.swift */ = {isa = PBXFileReference; lastKnownFileType = sourcecode.swift; path = GetSomeData.swift; sourceTree = "<group>"; };
		6F80AE9E277377AF00DD1D24 /* SendSomeData.swift */ = {isa = PBXFileReference; lastKnownFileType = sourcecode.swift; path = SendSomeData.swift; sourceTree = "<group>"; };
		6F80AEA92773793900DD1D24 /* FooDTO.swift */ = {isa = PBXFileReference; lastKnownFileType = sourcecode.swift; path = FooDTO.swift; sourceTree = "<group>"; };
		6F80AEAE2773797400DD1D24 /* FooDTO+Mapper.swift */ = {isa = PBXFileReference; lastKnownFileType = sourcecode.swift; path = "FooDTO+Mapper.swift"; sourceTree = "<group>"; };
		6F80AEB32773835D00DD1D24 /* Cancellable.swift */ = {isa = PBXFileReference; lastKnownFileType = sourcecode.swift; path = Cancellable.swift; sourceTree = "<group>"; };
		6F80AECE27738FDC00DD1D24 /* en */ = {isa = PBXFileReference; lastKnownFileType = text.plist.strings; name = en; path = en.lproj/Localizable.strings; sourceTree = "<group>"; };
		6F80AED4277390D000DD1D24 /* String+Extensions.swift */ = {isa = PBXFileReference; lastKnownFileType = sourcecode.swift; path = "String+Extensions.swift"; sourceTree = "<group>"; };
		6F8A967F2772297B002D77E2 /* clean-arch.app */ = {isa = PBXFileReference; explicitFileType = wrapper.application; includeInIndex = 0; path = "clean-arch.app"; sourceTree = BUILT_PRODUCTS_DIR; };
		6F8A96822772297B002D77E2 /* AppDelegate.swift */ = {isa = PBXFileReference; lastKnownFileType = sourcecode.swift; path = AppDelegate.swift; sourceTree = "<group>"; };
		6F8A96842772297B002D77E2 /* SceneDelegate.swift */ = {isa = PBXFileReference; lastKnownFileType = sourcecode.swift; path = SceneDelegate.swift; sourceTree = "<group>"; };
		6F8A96892772297B002D77E2 /* Base */ = {isa = PBXFileReference; lastKnownFileType = file.storyboard; name = Base; path = Base.lproj/Main.storyboard; sourceTree = "<group>"; };
		6F8A968B2772297C002D77E2 /* Assets.xcassets */ = {isa = PBXFileReference; lastKnownFileType = folder.assetcatalog; path = Assets.xcassets; sourceTree = "<group>"; };
		6F8A968E2772297C002D77E2 /* Base */ = {isa = PBXFileReference; lastKnownFileType = file.storyboard; name = Base; path = Base.lproj/LaunchScreen.storyboard; sourceTree = "<group>"; };
		6F8A96902772297C002D77E2 /* Info.plist */ = {isa = PBXFileReference; lastKnownFileType = text.plist.xml; path = Info.plist; sourceTree = "<group>"; };
		6F8A96952772297D002D77E2 /* clean-archTests.xctest */ = {isa = PBXFileReference; explicitFileType = wrapper.cfbundle; includeInIndex = 0; path = "clean-archTests.xctest"; sourceTree = BUILT_PRODUCTS_DIR; };
		6F8A96992772297D002D77E2 /* clean_architectureTests.swift */ = {isa = PBXFileReference; lastKnownFileType = sourcecode.swift; path = clean_architectureTests.swift; sourceTree = "<group>"; };
		6F8A969B2772297D002D77E2 /* Info.plist */ = {isa = PBXFileReference; lastKnownFileType = text.plist.xml; path = Info.plist; sourceTree = "<group>"; };
		6F8A96A02772297D002D77E2 /* clean-archUITests.xctest */ = {isa = PBXFileReference; explicitFileType = wrapper.cfbundle; includeInIndex = 0; path = "clean-archUITests.xctest"; sourceTree = BUILT_PRODUCTS_DIR; };
		6F8A96A42772297D002D77E2 /* clean_architectureUITests.swift */ = {isa = PBXFileReference; lastKnownFileType = sourcecode.swift; path = clean_architectureUITests.swift; sourceTree = "<group>"; };
		6F8A96A62772297D002D77E2 /* Info.plist */ = {isa = PBXFileReference; lastKnownFileType = text.plist.xml; path = Info.plist; sourceTree = "<group>"; };
		6F8A96C32772304B002D77E2 /* DependencyInjector.swift */ = {isa = PBXFileReference; lastKnownFileType = sourcecode.swift; path = DependencyInjector.swift; sourceTree = "<group>"; };
		6F8A96D0277230D9002D77E2 /* WelcomeViewController.swift */ = {isa = PBXFileReference; lastKnownFileType = sourcecode.swift; path = WelcomeViewController.swift; sourceTree = "<group>"; };
		6F8A96D5277230F7002D77E2 /* WelcomeViewModel.swift */ = {isa = PBXFileReference; lastKnownFileType = sourcecode.swift; path = WelcomeViewModel.swift; sourceTree = "<group>"; };
		6F8A96DB27723177002D77E2 /* BaseViewModel.swift */ = {isa = PBXFileReference; lastKnownFileType = sourcecode.swift; path = BaseViewModel.swift; sourceTree = "<group>"; };
		6F8A96E1277231D8002D77E2 /* AnalyticsProtocol.swift */ = {isa = PBXFileReference; lastKnownFileType = sourcecode.swift; path = AnalyticsProtocol.swift; sourceTree = "<group>"; };
		6F8A96E9277231F8002D77E2 /* AnalyticsConstants.swift */ = {isa = PBXFileReference; lastKnownFileType = sourcecode.swift; path = AnalyticsConstants.swift; sourceTree = "<group>"; };
		6F8A96F4277232E9002D77E2 /* BaseViewController.swift */ = {isa = PBXFileReference; lastKnownFileType = sourcecode.swift; path = BaseViewController.swift; sourceTree = "<group>"; };
		6F8A9703277233D3002D77E2 /* BaseUseCase.swift */ = {isa = PBXFileReference; lastKnownFileType = sourcecode.swift; path = BaseUseCase.swift; sourceTree = "<group>"; };
		6F8A9708277233EA002D77E2 /* FooUseCase.swift */ = {isa = PBXFileReference; lastKnownFileType = sourcecode.swift; path = FooUseCase.swift; sourceTree = "<group>"; };
		6F8A971027723763002D77E2 /* WelcomeRouter.swift */ = {isa = PBXFileReference; lastKnownFileType = sourcecode.swift; path = WelcomeRouter.swift; sourceTree = "<group>"; };
		6F8A972327723AC5002D77E2 /* WelcomeDI.swift */ = {isa = PBXFileReference; lastKnownFileType = sourcecode.swift; path = WelcomeDI.swift; sourceTree = "<group>"; };
		6F8A972827723B9A002D77E2 /* DefaultAnalytics.swift */ = {isa = PBXFileReference; lastKnownFileType = sourcecode.swift; path = DefaultAnalytics.swift; sourceTree = "<group>"; };
		6FA36FDD2774CC9E00757DB6 /* Array+Extension.swift */ = {isa = PBXFileReference; lastKnownFileType = sourcecode.swift; path = "Array+Extension.swift"; sourceTree = "<group>"; };
		709B4B9CEC8060D956D4C058 /* Pods_clean_architecture.framework */ = {isa = PBXFileReference; explicitFileType = wrapper.framework; includeInIndex = 0; path = Pods_clean_architecture.framework; sourceTree = BUILT_PRODUCTS_DIR; };
		72DF08DA9C9EBE28CEA42175 /* Pods-clean-architecture.release.xcconfig */ = {isa = PBXFileReference; includeInIndex = 1; lastKnownFileType = text.xcconfig; name = "Pods-clean-architecture.release.xcconfig"; path = "Target Support Files/Pods-clean-architecture/Pods-clean-architecture.release.xcconfig"; sourceTree = "<group>"; };
/* End PBXFileReference section */

/* Begin PBXFrameworksBuildPhase section */
		6F8A967C2772297B002D77E2 /* Frameworks */ = {
			isa = PBXFrameworksBuildPhase;
			buildActionMask = 2147483647;
			files = (
				033A77E5659D7E80D87691C1 /* Pods_clean_architecture.framework in Frameworks */,
			);
			runOnlyForDeploymentPostprocessing = 0;
		};
		6F8A96922772297D002D77E2 /* Frameworks */ = {
			isa = PBXFrameworksBuildPhase;
			buildActionMask = 2147483647;
			files = (
			);
			runOnlyForDeploymentPostprocessing = 0;
		};
		6F8A969D2772297D002D77E2 /* Frameworks */ = {
			isa = PBXFrameworksBuildPhase;
			buildActionMask = 2147483647;
			files = (
			);
			runOnlyForDeploymentPostprocessing = 0;
		};
/* End PBXFrameworksBuildPhase section */

/* Begin PBXGroup section */
		098582A83C2035D84C82244F /* Frameworks */ = {
			isa = PBXGroup;
			children = (
				709B4B9CEC8060D956D4C058 /* Pods_clean_architecture.framework */,
			);
			name = Frameworks;
			sourceTree = "<group>";
		};
		4721D5DD45F83ED5BA33D6FB /* Pods */ = {
			isa = PBXGroup;
			children = (
				008679A017D4ADB0BF1B2859 /* Pods-clean-architecture.debug.xcconfig */,
				72DF08DA9C9EBE28CEA42175 /* Pods-clean-architecture.release.xcconfig */,
			);
			path = Pods;
			sourceTree = "<group>";
		};
		6F06898C2773A4C100C13542 /* foo */ = {
			isa = PBXGroup;
			children = (
				6F0689982773A4F000C13542 /* SecondRouter.swift */,
				6F0689872773A4BC00C13542 /* SecondViewController.swift */,
				6F06898D2773A4D600C13542 /* SecondViewModel.swift */,
			);
			path = foo;
			sourceTree = "<group>";
		};
		6F80AED3277390BA00DD1D24 /* extensions */ = {
			isa = PBXGroup;
			children = (
				6F80AED4277390D000DD1D24 /* String+Extensions.swift */,
				6FA36FDD2774CC9E00757DB6 /* Array+Extension.swift */,
			);
			path = extensions;
			sourceTree = "<group>";
		};
		6F80AEDC2773934000DD1D24 /* resources */ = {
			isa = PBXGroup;
			children = (
				6F8A968B2772297C002D77E2 /* Assets.xcassets */,
				6F8A96902772297C002D77E2 /* Info.plist */,
				6F80AECF27738FDC00DD1D24 /* Localizable.strings */,
			);
			path = resources;
			sourceTree = "<group>";
		};
		6F8A96762772297B002D77E2 = {
			isa = PBXGroup;
			children = (
				6F8A96812772297B002D77E2 /* clean-architecture */,
				6F8A96982772297D002D77E2 /* clean-architectureTests */,
				6F8A96A32772297D002D77E2 /* clean-architectureUITests */,
				6F8A96802772297B002D77E2 /* Products */,
				4721D5DD45F83ED5BA33D6FB /* Pods */,
				098582A83C2035D84C82244F /* Frameworks */,
			);
			sourceTree = "<group>";
		};
		6F8A96802772297B002D77E2 /* Products */ = {
			isa = PBXGroup;
			children = (
				6F8A967F2772297B002D77E2 /* clean-arch.app */,
				6F8A96952772297D002D77E2 /* clean-archTests.xctest */,
				6F8A96A02772297D002D77E2 /* clean-archUITests.xctest */,
			);
			name = Products;
			sourceTree = "<group>";
		};
		6F8A96812772297B002D77E2 /* clean-architecture */ = {
			isa = PBXGroup;
			children = (
				6F8A96BB27722F44002D77E2 /* application */,
				6F8A96C127722F83002D77E2 /* presentation */,
				6F8A96BC27722F4C002D77E2 /* domain */,
				6F8A96BD27722F51002D77E2 /* data */,
			);
			path = "clean-architecture";
			sourceTree = "<group>";
		};
		6F8A96982772297D002D77E2 /* clean-architectureTests */ = {
			isa = PBXGroup;
			children = (
				6FA36FC927748AFC00757DB6 /* presentation */,
				6FA36FCA27748B0200757DB6 /* domain */,
				6FA36FCB27748B0900757DB6 /* data */,
				6F8A96992772297D002D77E2 /* clean_architectureTests.swift */,
				6F8A969B2772297D002D77E2 /* Info.plist */,
			);
			path = "clean-architectureTests";
			sourceTree = "<group>";
		};
		6F8A96A32772297D002D77E2 /* clean-architectureUITests */ = {
			isa = PBXGroup;
			children = (
				6F8A96A42772297D002D77E2 /* clean_architectureUITests.swift */,
				6F8A96A62772297D002D77E2 /* Info.plist */,
			);
			path = "clean-architectureUITests";
			sourceTree = "<group>";
		};
		6F8A96BB27722F44002D77E2 /* application */ = {
			isa = PBXGroup;
			children = (
				6F8A96C227723037002D77E2 /* di */,
				6F80AEDC2773934000DD1D24 /* resources */,
				6F80AED3277390BA00DD1D24 /* extensions */,
				6FA36FCF2774994600757DB6 /* utils */,
				6F8A96822772297B002D77E2 /* AppDelegate.swift */,
				6F8A96842772297B002D77E2 /* SceneDelegate.swift */,
			);
			path = application;
			sourceTree = "<group>";
		};
		6F8A96BC27722F4C002D77E2 /* domain */ = {
			isa = PBXGroup;
			children = (
				6F8A96FD2772335C002D77E2 /* models */,
				6F8A96FC27723352002D77E2 /* repositories */,
				6F8A96FB27723342002D77E2 /* usecases */,
			);
			path = domain;
			sourceTree = "<group>";
		};
		6F8A96BD27722F51002D77E2 /* data */ = {
			isa = PBXGroup;
			children = (
				6F8A96FE2772337C002D77E2 /* mappers */,
				6F8A96FF27723382002D77E2 /* models */,
				6F8A97002772338B002D77E2 /* repositories */,
			);
			path = data;
			sourceTree = "<group>";
		};
		6F8A96C127722F83002D77E2 /* presentation */ = {
			isa = PBXGroup;
			children = (
				6F8A9701277233AA002D77E2 /* mappers */,
				6F8A9702277233AF002D77E2 /* models */,
				6F8A96CB27723064002D77E2 /* storyboards */,
				6F8A96CC27723088002D77E2 /* views */,
				6F8A96E0277231C9002D77E2 /* utils */,
			);
			path = presentation;
			sourceTree = "<group>";
		};
		6F8A96C227723037002D77E2 /* di */ = {
			isa = PBXGroup;
			children = (
				6F8A96C32772304B002D77E2 /* DependencyInjector.swift */,
				6F8A972327723AC5002D77E2 /* WelcomeDI.swift */,
				6F06899D2773A59C00C13542 /* SecondDI.swift */,
			);
			path = di;
			sourceTree = "<group>";
		};
		6F8A96CB27723064002D77E2 /* storyboards */ = {
			isa = PBXGroup;
			children = (
				6F8A96882772297B002D77E2 /* Main.storyboard */,
				6F8A968D2772297C002D77E2 /* LaunchScreen.storyboard */,
			);
			path = storyboards;
			sourceTree = "<group>";
		};
		6F8A96CC27723088002D77E2 /* views */ = {
			isa = PBXGroup;
			children = (
				6F8A96DA27723168002D77E2 /* bases */,
				6F8A96CD2772309E002D77E2 /* welcome */,
				6F06898C2773A4C100C13542 /* foo */,
			);
			path = views;
			sourceTree = "<group>";
		};
		6F8A96CD2772309E002D77E2 /* welcome */ = {
			isa = PBXGroup;
			children = (
				6F8A971027723763002D77E2 /* WelcomeRouter.swift */,
				6F8A96D0277230D9002D77E2 /* WelcomeViewController.swift */,
				6F8A96D5277230F7002D77E2 /* WelcomeViewModel.swift */,
			);
			path = welcome;
			sourceTree = "<group>";
		};
		6F8A96DA27723168002D77E2 /* bases */ = {
			isa = PBXGroup;
			children = (
				6F8A96F4277232E9002D77E2 /* BaseViewController.swift */,
				6F8A96DB27723177002D77E2 /* BaseViewModel.swift */,
			);
			path = bases;
			sourceTree = "<group>";
		};
		6F8A96E0277231C9002D77E2 /* utils */ = {
			isa = PBXGroup;
			children = (
				6F8A96E9277231F8002D77E2 /* AnalyticsConstants.swift */,
				6F8A96E1277231D8002D77E2 /* AnalyticsProtocol.swift */,
				6F8A972827723B9A002D77E2 /* DefaultAnalytics.swift */,
			);
			path = utils;
			sourceTree = "<group>";
		};
		6F8A96FB27723342002D77E2 /* usecases */ = {
			isa = PBXGroup;
			children = (
				6F8A9703277233D3002D77E2 /* BaseUseCase.swift */,
				6F8A9708277233EA002D77E2 /* FooUseCase.swift */,
			);
			path = usecases;
			sourceTree = "<group>";
		};
		6F8A96FC27723352002D77E2 /* repositories */ = {
			isa = PBXGroup;
			children = (
				6F80AE8A2773759400DD1D24 /* NetworkRepositoryProtocol.swift */,
			);
			path = repositories;
			sourceTree = "<group>";
		};
		6F8A96FD2772335C002D77E2 /* models */ = {
			isa = PBXGroup;
			children = (
				6F80AE8527733CD000DD1D24 /* FooEntity.swift */,
			);
			path = models;
			sourceTree = "<group>";
		};
		6F8A96FE2772337C002D77E2 /* mappers */ = {
			isa = PBXGroup;
			children = (
				6F80AEAE2773797400DD1D24 /* FooDTO+Mapper.swift */,
			);
			path = mappers;
			sourceTree = "<group>";
		};
		6F8A96FF27723382002D77E2 /* models */ = {
			isa = PBXGroup;
			children = (
				6F80AEA92773793900DD1D24 /* FooDTO.swift */,
			);
			path = models;
			sourceTree = "<group>";
		};
		6F8A97002772338B002D77E2 /* repositories */ = {
			isa = PBXGroup;
			children = (
				6F8A970D2772365D002D77E2 /* network */,
			);
			path = repositories;
			sourceTree = "<group>";
		};
		6F8A9701277233AA002D77E2 /* mappers */ = {
			isa = PBXGroup;
			children = (
				6F0689AD2773A97400C13542 /* Foo+Mapper.swift */,
			);
			path = mappers;
			sourceTree = "<group>";
		};
		6F8A9702277233AF002D77E2 /* models */ = {
			isa = PBXGroup;
			children = (
				6F0689A82773A94400C13542 /* FooUi.swift */,
			);
			path = models;
			sourceTree = "<group>";
		};
		6F8A970D2772365D002D77E2 /* network */ = {
			isa = PBXGroup;
			children = (
				6F80AE942773776C00DD1D24 /* NetworkRepository.swift */,
				6F80AE992773779800DD1D24 /* GetSomeData.swift */,
				6F80AE9E277377AF00DD1D24 /* SendSomeData.swift */,
			);
			path = network;
			sourceTree = "<group>";
		};
		6FA36FC927748AFC00757DB6 /* presentation */ = {
			isa = PBXGroup;
			children = (
			);
			path = presentation;
			sourceTree = "<group>";
		};
		6FA36FCA27748B0200757DB6 /* domain */ = {
			isa = PBXGroup;
			children = (
			);
			path = domain;
			sourceTree = "<group>";
		};
		6FA36FCB27748B0900757DB6 /* data */ = {
			isa = PBXGroup;
			children = (
			);
			path = data;
			sourceTree = "<group>";
		};
		6FA36FCF2774994600757DB6 /* utils */ = {
			isa = PBXGroup;
			children = (
				6F80AEB32773835D00DD1D24 /* Cancellable.swift */,
			);
			path = utils;
			sourceTree = "<group>";
		};
/* End PBXGroup section */

/* Begin PBXNativeTarget section */
		6F8A967E2772297B002D77E2 /* clean-arch */ = {
			isa = PBXNativeTarget;
			buildConfigurationList = 6F8A96A92772297D002D77E2 /* Build configuration list for PBXNativeTarget "clean-arch" */;
			buildPhases = (
				221B01EA4F9644173F24195A /* [CP] Check Pods Manifest.lock */,
				6F8A967B2772297B002D77E2 /* Sources */,
				6F8A967C2772297B002D77E2 /* Frameworks */,
				6F8A967D2772297B002D77E2 /* Resources */,
				CD18C34BFA988D704D7B4C1E /* [CP] Embed Pods Frameworks */,
			);
			buildRules = (
			);
			dependencies = (
			);
			name = "clean-arch";
			productName = "clean-architecture";
			productReference = 6F8A967F2772297B002D77E2 /* clean-arch.app */;
			productType = "com.apple.product-type.application";
		};
		6F8A96942772297D002D77E2 /* clean-archTests */ = {
			isa = PBXNativeTarget;
			buildConfigurationList = 6F8A96AC2772297D002D77E2 /* Build configuration list for PBXNativeTarget "clean-archTests" */;
			buildPhases = (
				6F8A96912772297D002D77E2 /* Sources */,
				6F8A96922772297D002D77E2 /* Frameworks */,
				6F8A96932772297D002D77E2 /* Resources */,
			);
			buildRules = (
			);
			dependencies = (
				6F8A96972772297D002D77E2 /* PBXTargetDependency */,
			);
			name = "clean-archTests";
			productName = "clean-architectureTests";
			productReference = 6F8A96952772297D002D77E2 /* clean-archTests.xctest */;
			productType = "com.apple.product-type.bundle.unit-test";
		};
		6F8A969F2772297D002D77E2 /* clean-archUITests */ = {
			isa = PBXNativeTarget;
			buildConfigurationList = 6F8A96AF2772297D002D77E2 /* Build configuration list for PBXNativeTarget "clean-archUITests" */;
			buildPhases = (
				6F8A969C2772297D002D77E2 /* Sources */,
				6F8A969D2772297D002D77E2 /* Frameworks */,
				6F8A969E2772297D002D77E2 /* Resources */,
			);
			buildRules = (
			);
			dependencies = (
				6F8A96A22772297D002D77E2 /* PBXTargetDependency */,
			);
			name = "clean-archUITests";
			productName = "clean-architectureUITests";
			productReference = 6F8A96A02772297D002D77E2 /* clean-archUITests.xctest */;
			productType = "com.apple.product-type.bundle.ui-testing";
		};
/* End PBXNativeTarget section */

/* Begin PBXProject section */
		6F8A96772772297B002D77E2 /* Project object */ = {
			isa = PBXProject;
			attributes = {
				LastSwiftUpdateCheck = 1210;
				LastUpgradeCheck = 1210;
				TargetAttributes = {
					6F8A967E2772297B002D77E2 = {
						CreatedOnToolsVersion = 12.1;
					};
					6F8A96942772297D002D77E2 = {
						CreatedOnToolsVersion = 12.1;
						TestTargetID = 6F8A967E2772297B002D77E2;
					};
					6F8A969F2772297D002D77E2 = {
						CreatedOnToolsVersion = 12.1;
						TestTargetID = 6F8A967E2772297B002D77E2;
					};
				};
			};
			buildConfigurationList = 6F8A967A2772297B002D77E2 /* Build configuration list for PBXProject "clean-architecture" */;
			compatibilityVersion = "Xcode 9.3";
			developmentRegion = en;
			hasScannedForEncodings = 0;
			knownRegions = (
				en,
				Base,
			);
			mainGroup = 6F8A96762772297B002D77E2;
			productRefGroup = 6F8A96802772297B002D77E2 /* Products */;
			projectDirPath = "";
			projectRoot = "";
			targets = (
				6F8A967E2772297B002D77E2 /* clean-arch */,
				6F8A96942772297D002D77E2 /* clean-archTests */,
				6F8A969F2772297D002D77E2 /* clean-archUITests */,
			);
		};
/* End PBXProject section */

/* Begin PBXResourcesBuildPhase section */
		6F8A967D2772297B002D77E2 /* Resources */ = {
			isa = PBXResourcesBuildPhase;
			buildActionMask = 2147483647;
			files = (
				6F8A968F2772297C002D77E2 /* LaunchScreen.storyboard in Resources */,
				6F80AECD27738FDC00DD1D24 /* Localizable.strings in Resources */,
				6F8A968C2772297C002D77E2 /* Assets.xcassets in Resources */,
				6F8A968A2772297B002D77E2 /* Main.storyboard in Resources */,
			);
			runOnlyForDeploymentPostprocessing = 0;
		};
		6F8A96932772297D002D77E2 /* Resources */ = {
			isa = PBXResourcesBuildPhase;
			buildActionMask = 2147483647;
			files = (
			);
			runOnlyForDeploymentPostprocessing = 0;
		};
		6F8A969E2772297D002D77E2 /* Resources */ = {
			isa = PBXResourcesBuildPhase;
			buildActionMask = 2147483647;
			files = (
			);
			runOnlyForDeploymentPostprocessing = 0;
		};
/* End PBXResourcesBuildPhase section */

/* Begin PBXShellScriptBuildPhase section */
		221B01EA4F9644173F24195A /* [CP] Check Pods Manifest.lock */ = {
			isa = PBXShellScriptBuildPhase;
			buildActionMask = 2147483647;
			files = (
			);
			inputFileListPaths = (
			);
			inputPaths = (
				"${PODS_PODFILE_DIR_PATH}/Podfile.lock",
				"${PODS_ROOT}/Manifest.lock",
			);
			name = "[CP] Check Pods Manifest.lock";
			outputFileListPaths = (
			);
			outputPaths = (
				"$(DERIVED_FILE_DIR)/Pods-clean-architecture-checkManifestLockResult.txt",
			);
			runOnlyForDeploymentPostprocessing = 0;
			shellPath = /bin/sh;
			shellScript = "diff \"${PODS_PODFILE_DIR_PATH}/Podfile.lock\" \"${PODS_ROOT}/Manifest.lock\" > /dev/null\nif [ $? != 0 ] ; then\n    # print error to STDERR\n    echo \"error: The sandbox is not in sync with the Podfile.lock. Run 'pod install' or update your CocoaPods installation.\" >&2\n    exit 1\nfi\n# This output is used by Xcode 'outputs' to avoid re-running this script phase.\necho \"SUCCESS\" > \"${SCRIPT_OUTPUT_FILE_0}\"\n";
			showEnvVarsInLog = 0;
		};
		CD18C34BFA988D704D7B4C1E /* [CP] Embed Pods Frameworks */ = {
			isa = PBXShellScriptBuildPhase;
			buildActionMask = 2147483647;
			files = (
			);
			inputFileListPaths = (
				"${PODS_ROOT}/Target Support Files/Pods-clean-architecture/Pods-clean-architecture-frameworks-${CONFIGURATION}-input-files.xcfilelist",
			);
			name = "[CP] Embed Pods Frameworks";
			outputFileListPaths = (
				"${PODS_ROOT}/Target Support Files/Pods-clean-architecture/Pods-clean-architecture-frameworks-${CONFIGURATION}-output-files.xcfilelist",
			);
			runOnlyForDeploymentPostprocessing = 0;
			shellPath = /bin/sh;
			shellScript = "\"${PODS_ROOT}/Target Support Files/Pods-clean-architecture/Pods-clean-architecture-frameworks.sh\"\n";
			showEnvVarsInLog = 0;
		};
/* End PBXShellScriptBuildPhase section */

/* Begin PBXSourcesBuildPhase section */
		6F8A967B2772297B002D77E2 /* Sources */ = {
			isa = PBXSourcesBuildPhase;
			buildActionMask = 2147483647;
			files = (
				6F8A9704277233D3002D77E2 /* BaseUseCase.swift in Sources */,
				6F80AEAF2773797400DD1D24 /* FooDTO+Mapper.swift in Sources */,
				6F8A972927723B9A002D77E2 /* DefaultAnalytics.swift in Sources */,
				6F80AEAA2773793900DD1D24 /* FooDTO.swift in Sources */,
				6F80AED5277390D000DD1D24 /* String+Extensions.swift in Sources */,
				6F0689AE2773A97400C13542 /* Foo+Mapper.swift in Sources */,
				6F8A96C42772304B002D77E2 /* DependencyInjector.swift in Sources */,
				6F06898E2773A4D600C13542 /* SecondViewModel.swift in Sources */,
				6F0689992773A4F000C13542 /* SecondRouter.swift in Sources */,
				6F80AE952773776C00DD1D24 /* NetworkRepository.swift in Sources */,
				6F80AE8B2773759400DD1D24 /* NetworkRepositoryProtocol.swift in Sources */,
				6F06899E2773A59C00C13542 /* SecondDI.swift in Sources */,
				6F8A96D6277230F7002D77E2 /* WelcomeViewModel.swift in Sources */,
				6F8A96D1277230D9002D77E2 /* WelcomeViewController.swift in Sources */,
				6F8A96DC27723177002D77E2 /* BaseViewModel.swift in Sources */,
				6F8A971127723763002D77E2 /* WelcomeRouter.swift in Sources */,
				6F80AE9F277377AF00DD1D24 /* SendSomeData.swift in Sources */,
				6F8A96EA277231F8002D77E2 /* AnalyticsConstants.swift in Sources */,
				6F80AE8627733CD000DD1D24 /* FooEntity.swift in Sources */,
				6F8A9709277233EA002D77E2 /* FooUseCase.swift in Sources */,
				6F0689882773A4BC00C13542 /* SecondViewController.swift in Sources */,
				6FA36FDE2774CC9E00757DB6 /* Array+Extension.swift in Sources */,
				6F80AE9A2773779800DD1D24 /* GetSomeData.swift in Sources */,
				6F80AEB42773835D00DD1D24 /* Cancellable.swift in Sources */,
				6F8A96F5277232E9002D77E2 /* BaseViewController.swift in Sources */,
				6F8A96E2277231D8002D77E2 /* AnalyticsProtocol.swift in Sources */,
				6F0689A92773A94400C13542 /* FooUi.swift in Sources */,
				6F8A972427723AC5002D77E2 /* WelcomeDI.swift in Sources */,
				6F8A96832772297B002D77E2 /* AppDelegate.swift in Sources */,
				6F8A96852772297B002D77E2 /* SceneDelegate.swift in Sources */,
			);
			runOnlyForDeploymentPostprocessing = 0;
		};
		6F8A96912772297D002D77E2 /* Sources */ = {
			isa = PBXSourcesBuildPhase;
			buildActionMask = 2147483647;
			files = (
				6F8A969A2772297D002D77E2 /* clean_architectureTests.swift in Sources */,
			);
			runOnlyForDeploymentPostprocessing = 0;
		};
		6F8A969C2772297D002D77E2 /* Sources */ = {
			isa = PBXSourcesBuildPhase;
			buildActionMask = 2147483647;
			files = (
				6F8A96A52772297D002D77E2 /* clean_architectureUITests.swift in Sources */,
			);
			runOnlyForDeploymentPostprocessing = 0;
		};
/* End PBXSourcesBuildPhase section */

/* Begin PBXTargetDependency section */
		6F8A96972772297D002D77E2 /* PBXTargetDependency */ = {
			isa = PBXTargetDependency;
			target = 6F8A967E2772297B002D77E2 /* clean-arch */;
			targetProxy = 6F8A96962772297D002D77E2 /* PBXContainerItemProxy */;
		};
		6F8A96A22772297D002D77E2 /* PBXTargetDependency */ = {
			isa = PBXTargetDependency;
			target = 6F8A967E2772297B002D77E2 /* clean-arch */;
			targetProxy = 6F8A96A12772297D002D77E2 /* PBXContainerItemProxy */;
		};
/* End PBXTargetDependency section */

/* Begin PBXVariantGroup section */
		6F80AECF27738FDC00DD1D24 /* Localizable.strings */ = {
			isa = PBXVariantGroup;
			children = (
				6F80AECE27738FDC00DD1D24 /* en */,
			);
			name = Localizable.strings;
			sourceTree = "<group>";
		};
		6F8A96882772297B002D77E2 /* Main.storyboard */ = {
			isa = PBXVariantGroup;
			children = (
				6F8A96892772297B002D77E2 /* Base */,
			);
			name = Main.storyboard;
			sourceTree = "<group>";
		};
		6F8A968D2772297C002D77E2 /* LaunchScreen.storyboard */ = {
			isa = PBXVariantGroup;
			children = (
				6F8A968E2772297C002D77E2 /* Base */,
			);
			name = LaunchScreen.storyboard;
			sourceTree = "<group>";
		};
/* End PBXVariantGroup section */

/* Begin XCBuildConfiguration section */
		6F8A96A72772297D002D77E2 /* Debug */ = {
			isa = XCBuildConfiguration;
			buildSettings = {
				ALWAYS_SEARCH_USER_PATHS = NO;
				CLANG_ANALYZER_NONNULL = YES;
				CLANG_ANALYZER_NUMBER_OBJECT_CONVERSION = YES_AGGRESSIVE;
				CLANG_CXX_LANGUAGE_STANDARD = "gnu++14";
				CLANG_CXX_LIBRARY = "libc++";
				CLANG_ENABLE_MODULES = YES;
				CLANG_ENABLE_OBJC_ARC = YES;
				CLANG_ENABLE_OBJC_WEAK = YES;
				CLANG_WARN_BLOCK_CAPTURE_AUTORELEASING = YES;
				CLANG_WARN_BOOL_CONVERSION = YES;
				CLANG_WARN_COMMA = YES;
				CLANG_WARN_CONSTANT_CONVERSION = YES;
				CLANG_WARN_DEPRECATED_OBJC_IMPLEMENTATIONS = YES;
				CLANG_WARN_DIRECT_OBJC_ISA_USAGE = YES_ERROR;
				CLANG_WARN_DOCUMENTATION_COMMENTS = YES;
				CLANG_WARN_EMPTY_BODY = YES;
				CLANG_WARN_ENUM_CONVERSION = YES;
				CLANG_WARN_INFINITE_RECURSION = YES;
				CLANG_WARN_INT_CONVERSION = YES;
				CLANG_WARN_NON_LITERAL_NULL_CONVERSION = YES;
				CLANG_WARN_OBJC_IMPLICIT_RETAIN_SELF = YES;
				CLANG_WARN_OBJC_LITERAL_CONVERSION = YES;
				CLANG_WARN_OBJC_ROOT_CLASS = YES_ERROR;
				CLANG_WARN_QUOTED_INCLUDE_IN_FRAMEWORK_HEADER = YES;
				CLANG_WARN_RANGE_LOOP_ANALYSIS = YES;
				CLANG_WARN_STRICT_PROTOTYPES = YES;
				CLANG_WARN_SUSPICIOUS_MOVE = YES;
				CLANG_WARN_UNGUARDED_AVAILABILITY = YES_AGGRESSIVE;
				CLANG_WARN_UNREACHABLE_CODE = YES;
				CLANG_WARN__DUPLICATE_METHOD_MATCH = YES;
				COPY_PHASE_STRIP = NO;
				DEBUG_INFORMATION_FORMAT = dwarf;
				ENABLE_STRICT_OBJC_MSGSEND = YES;
				ENABLE_TESTABILITY = YES;
				GCC_C_LANGUAGE_STANDARD = gnu11;
				GCC_DYNAMIC_NO_PIC = NO;
				GCC_NO_COMMON_BLOCKS = YES;
				GCC_OPTIMIZATION_LEVEL = 0;
				GCC_PREPROCESSOR_DEFINITIONS = (
					"DEBUG=1",
					"$(inherited)",
				);
				GCC_WARN_64_TO_32_BIT_CONVERSION = YES;
				GCC_WARN_ABOUT_RETURN_TYPE = YES_ERROR;
				GCC_WARN_UNDECLARED_SELECTOR = YES;
				GCC_WARN_UNINITIALIZED_AUTOS = YES_AGGRESSIVE;
				GCC_WARN_UNUSED_FUNCTION = YES;
				GCC_WARN_UNUSED_VARIABLE = YES;
				IPHONEOS_DEPLOYMENT_TARGET = 14.1;
				MTL_ENABLE_DEBUG_INFO = INCLUDE_SOURCE;
				MTL_FAST_MATH = YES;
				ONLY_ACTIVE_ARCH = YES;
				SDKROOT = iphoneos;
				SWIFT_ACTIVE_COMPILATION_CONDITIONS = DEBUG;
				SWIFT_OPTIMIZATION_LEVEL = "-Onone";
			};
			name = Debug;
		};
		6F8A96A82772297D002D77E2 /* Release */ = {
			isa = XCBuildConfiguration;
			buildSettings = {
				ALWAYS_SEARCH_USER_PATHS = NO;
				CLANG_ANALYZER_NONNULL = YES;
				CLANG_ANALYZER_NUMBER_OBJECT_CONVERSION = YES_AGGRESSIVE;
				CLANG_CXX_LANGUAGE_STANDARD = "gnu++14";
				CLANG_CXX_LIBRARY = "libc++";
				CLANG_ENABLE_MODULES = YES;
				CLANG_ENABLE_OBJC_ARC = YES;
				CLANG_ENABLE_OBJC_WEAK = YES;
				CLANG_WARN_BLOCK_CAPTURE_AUTORELEASING = YES;
				CLANG_WARN_BOOL_CONVERSION = YES;
				CLANG_WARN_COMMA = YES;
				CLANG_WARN_CONSTANT_CONVERSION = YES;
				CLANG_WARN_DEPRECATED_OBJC_IMPLEMENTATIONS = YES;
				CLANG_WARN_DIRECT_OBJC_ISA_USAGE = YES_ERROR;
				CLANG_WARN_DOCUMENTATION_COMMENTS = YES;
				CLANG_WARN_EMPTY_BODY = YES;
				CLANG_WARN_ENUM_CONVERSION = YES;
				CLANG_WARN_INFINITE_RECURSION = YES;
				CLANG_WARN_INT_CONVERSION = YES;
				CLANG_WARN_NON_LITERAL_NULL_CONVERSION = YES;
				CLANG_WARN_OBJC_IMPLICIT_RETAIN_SELF = YES;
				CLANG_WARN_OBJC_LITERAL_CONVERSION = YES;
				CLANG_WARN_OBJC_ROOT_CLASS = YES_ERROR;
				CLANG_WARN_QUOTED_INCLUDE_IN_FRAMEWORK_HEADER = YES;
				CLANG_WARN_RANGE_LOOP_ANALYSIS = YES;
				CLANG_WARN_STRICT_PROTOTYPES = YES;
				CLANG_WARN_SUSPICIOUS_MOVE = YES;
				CLANG_WARN_UNGUARDED_AVAILABILITY = YES_AGGRESSIVE;
				CLANG_WARN_UNREACHABLE_CODE = YES;
				CLANG_WARN__DUPLICATE_METHOD_MATCH = YES;
				COPY_PHASE_STRIP = NO;
				DEBUG_INFORMATION_FORMAT = "dwarf-with-dsym";
				ENABLE_NS_ASSERTIONS = NO;
				ENABLE_STRICT_OBJC_MSGSEND = YES;
				GCC_C_LANGUAGE_STANDARD = gnu11;
				GCC_NO_COMMON_BLOCKS = YES;
				GCC_WARN_64_TO_32_BIT_CONVERSION = YES;
				GCC_WARN_ABOUT_RETURN_TYPE = YES_ERROR;
				GCC_WARN_UNDECLARED_SELECTOR = YES;
				GCC_WARN_UNINITIALIZED_AUTOS = YES_AGGRESSIVE;
				GCC_WARN_UNUSED_FUNCTION = YES;
				GCC_WARN_UNUSED_VARIABLE = YES;
				IPHONEOS_DEPLOYMENT_TARGET = 14.1;
				MTL_ENABLE_DEBUG_INFO = NO;
				MTL_FAST_MATH = YES;
				SDKROOT = iphoneos;
				SWIFT_COMPILATION_MODE = wholemodule;
				SWIFT_OPTIMIZATION_LEVEL = "-O";
				VALIDATE_PRODUCT = YES;
			};
			name = Release;
		};
		6F8A96AA2772297D002D77E2 /* Debug */ = {
			isa = XCBuildConfiguration;
			baseConfigurationReference = 008679A017D4ADB0BF1B2859 /* Pods-clean-architecture.debug.xcconfig */;
			buildSettings = {
				ASSETCATALOG_COMPILER_APPICON_NAME = AppIcon;
				ASSETCATALOG_COMPILER_GLOBAL_ACCENT_COLOR_NAME = AccentColor;
				CODE_SIGN_STYLE = Automatic;
				DEVELOPMENT_TEAM = X7FQ3DUR48;
				INFOPLIST_FILE = "clean-architecture/application/resources/Info.plist";
				LD_RUNPATH_SEARCH_PATHS = (
					"$(inherited)",
					"@executable_path/Frameworks",
				);
				PRODUCT_BUNDLE_IDENTIFIER = com.jaimearanaz.cleanarch;
				PRODUCT_NAME = "$(TARGET_NAME)";
				SWIFT_VERSION = 5.0;
				TARGETED_DEVICE_FAMILY = "1,2";
			};
			name = Debug;
		};
		6F8A96AB2772297D002D77E2 /* Release */ = {
			isa = XCBuildConfiguration;
			baseConfigurationReference = 72DF08DA9C9EBE28CEA42175 /* Pods-clean-architecture.release.xcconfig */;
			buildSettings = {
				ASSETCATALOG_COMPILER_APPICON_NAME = AppIcon;
				ASSETCATALOG_COMPILER_GLOBAL_ACCENT_COLOR_NAME = AccentColor;
				CODE_SIGN_STYLE = Automatic;
				DEVELOPMENT_TEAM = X7FQ3DUR48;
				INFOPLIST_FILE = "clean-architecture/application/resources/Info.plist";
				LD_RUNPATH_SEARCH_PATHS = (
					"$(inherited)",
					"@executable_path/Frameworks",
				);
				PRODUCT_BUNDLE_IDENTIFIER = com.jaimearanaz.cleanarch;
				PRODUCT_NAME = "$(TARGET_NAME)";
				SWIFT_VERSION = 5.0;
				TARGETED_DEVICE_FAMILY = "1,2";
			};
			name = Release;
		};
		6F8A96AD2772297D002D77E2 /* Debug */ = {
			isa = XCBuildConfiguration;
			buildSettings = {
				ALWAYS_EMBED_SWIFT_STANDARD_LIBRARIES = YES;
				BUNDLE_LOADER = "$(TEST_HOST)";
				CODE_SIGN_STYLE = Automatic;
				DEVELOPMENT_TEAM = X7FQ3DUR48;
				INFOPLIST_FILE = "clean-architectureTests/Info.plist";
				IPHONEOS_DEPLOYMENT_TARGET = 14.1;
				LD_RUNPATH_SEARCH_PATHS = (
					"$(inherited)",
					"@executable_path/Frameworks",
					"@loader_path/Frameworks",
				);
				PRODUCT_BUNDLE_IDENTIFIER = "com.jaimearanaz.clean-architectureTests";
				PRODUCT_NAME = "$(TARGET_NAME)";
				SWIFT_VERSION = 5.0;
				TARGETED_DEVICE_FAMILY = "1,2";
				TEST_HOST = "$(BUILT_PRODUCTS_DIR)/clean-arch.app/clean-arch";
			};
			name = Debug;
		};
		6F8A96AE2772297D002D77E2 /* Release */ = {
			isa = XCBuildConfiguration;
			buildSettings = {
				ALWAYS_EMBED_SWIFT_STANDARD_LIBRARIES = YES;
				BUNDLE_LOADER = "$(TEST_HOST)";
				CODE_SIGN_STYLE = Automatic;
				DEVELOPMENT_TEAM = X7FQ3DUR48;
				INFOPLIST_FILE = "clean-architectureTests/Info.plist";
				IPHONEOS_DEPLOYMENT_TARGET = 14.1;
				LD_RUNPATH_SEARCH_PATHS = (
					"$(inherited)",
					"@executable_path/Frameworks",
					"@loader_path/Frameworks",
				);
				PRODUCT_BUNDLE_IDENTIFIER = "com.jaimearanaz.clean-architectureTests";
				PRODUCT_NAME = "$(TARGET_NAME)";
				SWIFT_VERSION = 5.0;
				TARGETED_DEVICE_FAMILY = "1,2";
				TEST_HOST = "$(BUILT_PRODUCTS_DIR)/clean-arch.app/clean-arch";
			};
			name = Release;
		};
		6F8A96B02772297D002D77E2 /* Debug */ = {
			isa = XCBuildConfiguration;
			buildSettings = {
				ALWAYS_EMBED_SWIFT_STANDARD_LIBRARIES = YES;
				CODE_SIGN_STYLE = Automatic;
				DEVELOPMENT_TEAM = X7FQ3DUR48;
				INFOPLIST_FILE = "clean-architectureUITests/Info.plist";
				LD_RUNPATH_SEARCH_PATHS = (
					"$(inherited)",
					"@executable_path/Frameworks",
					"@loader_path/Frameworks",
				);
				PRODUCT_BUNDLE_IDENTIFIER = "com.jaimearanaz.clean-architectureUITests";
				PRODUCT_NAME = "$(TARGET_NAME)";
				SWIFT_VERSION = 5.0;
				TARGETED_DEVICE_FAMILY = "1,2";
				TEST_TARGET_NAME = "clean-architecture";
			};
			name = Debug;
		};
		6F8A96B12772297D002D77E2 /* Release */ = {
			isa = XCBuildConfiguration;
			buildSettings = {
				ALWAYS_EMBED_SWIFT_STANDARD_LIBRARIES = YES;
				CODE_SIGN_STYLE = Automatic;
				DEVELOPMENT_TEAM = X7FQ3DUR48;
				INFOPLIST_FILE = "clean-architectureUITests/Info.plist";
				LD_RUNPATH_SEARCH_PATHS = (
					"$(inherited)",
					"@executable_path/Frameworks",
					"@loader_path/Frameworks",
				);
				PRODUCT_BUNDLE_IDENTIFIER = "com.jaimearanaz.clean-architectureUITests";
				PRODUCT_NAME = "$(TARGET_NAME)";
				SWIFT_VERSION = 5.0;
				TARGETED_DEVICE_FAMILY = "1,2";
				TEST_TARGET_NAME = "clean-architecture";
			};
			name = Release;
		};
/* End XCBuildConfiguration section */

/* Begin XCConfigurationList section */
		6F8A967A2772297B002D77E2 /* Build configuration list for PBXProject "clean-architecture" */ = {
			isa = XCConfigurationList;
			buildConfigurations = (
				6F8A96A72772297D002D77E2 /* Debug */,
				6F8A96A82772297D002D77E2 /* Release */,
			);
			defaultConfigurationIsVisible = 0;
			defaultConfigurationName = Release;
		};
		6F8A96A92772297D002D77E2 /* Build configuration list for PBXNativeTarget "clean-arch" */ = {
			isa = XCConfigurationList;
			buildConfigurations = (
				6F8A96AA2772297D002D77E2 /* Debug */,
				6F8A96AB2772297D002D77E2 /* Release */,
			);
			defaultConfigurationIsVisible = 0;
			defaultConfigurationName = Release;
		};
		6F8A96AC2772297D002D77E2 /* Build configuration list for PBXNativeTarget "clean-archTests" */ = {
			isa = XCConfigurationList;
			buildConfigurations = (
				6F8A96AD2772297D002D77E2 /* Debug */,
				6F8A96AE2772297D002D77E2 /* Release */,
			);
			defaultConfigurationIsVisible = 0;
			defaultConfigurationName = Release;
		};
		6F8A96AF2772297D002D77E2 /* Build configuration list for PBXNativeTarget "clean-archUITests" */ = {
			isa = XCConfigurationList;
			buildConfigurations = (
				6F8A96B02772297D002D77E2 /* Debug */,
				6F8A96B12772297D002D77E2 /* Release */,
			);
			defaultConfigurationIsVisible = 0;
			defaultConfigurationName = Release;
		};
/* End XCConfigurationList section */
	};
	rootObject = 6F8A96772772297B002D77E2 /* Project object */;
}
